github.com/klauspost/compress v1.19.1 h1:VsB4HPswih7mmZ8WleSFQ75c/Ui1M4trX5oAsJnhSlk=
github.com/klauspost/compress v1.19.1/go.mod h1:cwPg85FWrGar70rWktvGQj8/hthj3wpl0PGDogxkrSQ=
github.com/mtgo-labs/mtgo v0.19.0 h1:oKGQJ2OXjHM+h7uos3JBUoAR+ymDqcY1/vaqARoi1ds=
github.com/mtgo-labs/mtgo v0.19.0/go.mod h1:auE8wtt8VdtcBKqwAxSS2N8MjVxIFMUB4h67LSpT/bg=
golang.org/x/time v0.15.0 h1:bbrp8t3bGUeFOx08pvsMYRTCVSMk89u4tKbNOZbp88U=
golang.org/x/time v0.15.0/go.mod h1:Y4YMaQmXwGQZoFaVFk4YpCt4FLQMYKZe9oeV/f4MSno=
